
Microsoft Visual Studio Solution File, Format Version 12.00
# Visual Studio Version 17
VisualStudioVersion = 17.5.002.0
MinimumVisualStudioVersion = 10.0.40219.1
Project("{9A19103F-16F7-4668-BE54-9A1E7A4F7556}") = "ef", "ef.csproj", "{3634BAD3-7005-4055-BD93-016C620A982D}"
EndProject
Global
	GlobalSection(SolutionConfigurationPlatforms) = preSolution
		Debug|Any CPU = Debug|Any CPU
		Release|Any CPU = Release|Any CPU
	EndGlobalSection
	GlobalSection(ProjectConfigurationPlatforms) = postSolution
		{3634BAD3-7005-4055-BD93-016C620A982D}.Debug|Any CPU.ActiveCfg = Debug|Any CPU
		{3634BAD3-7005-4055-BD93-016C620A982D}.Debug|Any CPU.Build.0 = Debug|Any CPU
		{3634BAD3-7005-4055-BD93-016C620A982D}.Release|Any CPU.ActiveCfg = Release|Any CPU
		{3634BAD3-7005-4055-BD93-016C620A982D}.Release|Any CPU.Build.0 = Release|Any CPU
	EndGlobalSection
	GlobalSection(SolutionProperties) = preSolution
		HideSolutionNode = FALSE
	EndGlobalSection
	GlobalSection(ExtensibilityGlobals) = postSolution
		SolutionGuid = {4D4F9AC8-450A-4C4B-850D-77BECEECB910}
	EndGlobalSection
EndGlobal
